
Microsoft Visual Studio Solution File, Format Version 10.00
# Visual Studio 2008
Project("{E24C65DC-7377-472B-9ABA-BC803B73C61A}") = "Cars", "Cars\", "{69A3E2C2-733B-4B69-9788-A8F41D3B913E}"
	ProjectSection(WebsiteProperties) = preProject
		TargetFramework = "3.5"
		Debug.AspNetCompiler.VirtualPath = "/Cars"
		Debug.AspNetCompiler.PhysicalPath = "Cars\"
		Debug.AspNetCompiler.TargetPath = "PrecompiledWeb\Cars\"
		Debug.AspNetCompiler.Updateable = "true"
		Debug.AspNetCompiler.ForceOverwrite = "true"
		Debug.AspNetCompiler.FixedNames = "false"
		Debug.AspNetCompiler.Debug = "True"
		Release.AspNetCompiler.VirtualPath = "/Cars"
		Release.AspNetCompiler.PhysicalPath = "Cars\"
		Release.AspNetCompiler.TargetPath = "PrecompiledWeb\Cars\"
		Release.AspNetCompiler.Updateable = "true"
		Release.AspNetCompiler.ForceOverwrite = "true"
		Release.AspNetCompiler.FixedNames = "false"
		Release.AspNetCompiler.Debug = "False"
		VWDPort = "24402"
	EndProjectSection
EndProject
Project("{FAE04EC0-301F-11D3-BF4B-00C04F79EFBC}") = "CarsBL", "Service\CarsBL\CarsBL\CarsBL.csproj", "{6ADB3D67-5993-4F5D-8CAC-5C7B5922414C}"
EndProject
Project("{FAE04EC0-301F-11D3-BF4B-00C04F79EFBC}") = "CarsInfo", "Service\CarsInfo\BussinessInfo\CarsInfo.csproj", "{6F4B5240-14E4-424E-99EC-804342B9FB9C}"
EndProject
Global
	GlobalSection(SolutionConfigurationPlatforms) = preSolution
		Debug|Any CPU = Debug|Any CPU
		Release|Any CPU = Release|Any CPU
	EndGlobalSection
	GlobalSection(ProjectConfigurationPlatforms) = postSolution
		{69A3E2C2-733B-4B69-9788-A8F41D3B913E}.Debug|Any CPU.ActiveCfg = Debug|Any CPU
		{69A3E2C2-733B-4B69-9788-A8F41D3B913E}.Debug|Any CPU.Build.0 = Debug|Any CPU
		{69A3E2C2-733B-4B69-9788-A8F41D3B913E}.Release|Any CPU.ActiveCfg = Debug|Any CPU
		{69A3E2C2-733B-4B69-9788-A8F41D3B913E}.Release|Any CPU.Build.0 = Debug|Any CPU
		{6ADB3D67-5993-4F5D-8CAC-5C7B5922414C}.Debug|Any CPU.ActiveCfg = Debug|Any CPU
		{6ADB3D67-5993-4F5D-8CAC-5C7B5922414C}.Debug|Any CPU.Build.0 = Debug|Any CPU
		{6ADB3D67-5993-4F5D-8CAC-5C7B5922414C}.Release|Any CPU.ActiveCfg = Release|Any CPU
		{6ADB3D67-5993-4F5D-8CAC-5C7B5922414C}.Release|Any CPU.Build.0 = Release|Any CPU
		{6F4B5240-14E4-424E-99EC-804342B9FB9C}.Debug|Any CPU.ActiveCfg = Debug|Any CPU
		{6F4B5240-14E4-424E-99EC-804342B9FB9C}.Debug|Any CPU.Build.0 = Debug|Any CPU
		{6F4B5240-14E4-424E-99EC-804342B9FB9C}.Release|Any CPU.ActiveCfg = Release|Any CPU
		{6F4B5240-14E4-424E-99EC-804342B9FB9C}.Release|Any CPU.Build.0 = Release|Any CPU
	EndGlobalSection
	GlobalSection(SolutionProperties) = preSolution
		HideSolutionNode = FALSE
	EndGlobalSection
EndGlobal
